
Microsoft Visual Studio Solution File, Format Version 12.00
# Visual Studio Version 17
VisualStudioVersion = 17.1.32328.378
MinimumVisualStudioVersion = 10.0.40219.1
Project("{9A19103F-16F7-4668-BE54-9A1E7A4F7556}") = "EFCore_Test", "EFCore_Test\EFCore_Test.csproj", "{26859DE3-0604-444D-BBDF-160CA10C7152}"
EndProject
Project("{9A19103F-16F7-4668-BE54-9A1E7A4F7556}") = "EFCore_CodeFirst", "EFCore_CodeFirst\EFCore_CodeFirst.csproj", "{3650E75D-EDB4-47B6-9CBB-CC42A9F9011B}"
EndProject
Project("{FAE04EC0-301F-11D3-BF4B-00C04F79EFBC}") = "EFCore_DBFirst", "EFCore_DBFirst\EFCore_DBFirst.csproj", "{F8E341A5-31F7-4F95-8CF3-B5631F110FE1}"
EndProject
Global
	GlobalSection(SolutionConfigurationPlatforms) = preSolution
		Debug|Any CPU = Debug|Any CPU
		Release|Any CPU = Release|Any CPU
	EndGlobalSection
	GlobalSection(ProjectConfigurationPlatforms) = postSolution
		{26859DE3-0604-444D-BBDF-160CA10C7152}.Debug|Any CPU.ActiveCfg = Debug|Any CPU
		{26859DE3-0604-444D-BBDF-160CA10C7152}.Debug|Any CPU.Build.0 = Debug|Any CPU
		{26859DE3-0604-444D-BBDF-160CA10C7152}.Release|Any CPU.ActiveCfg = Release|Any CPU
		{26859DE3-0604-444D-BBDF-160CA10C7152}.Release|Any CPU.Build.0 = Release|Any CPU
		{3650E75D-EDB4-47B6-9CBB-CC42A9F9011B}.Debug|Any CPU.ActiveCfg = Debug|Any CPU
		{3650E75D-EDB4-47B6-9CBB-CC42A9F9011B}.Debug|Any CPU.Build.0 = Debug|Any CPU
		{3650E75D-EDB4-47B6-9CBB-CC42A9F9011B}.Release|Any CPU.ActiveCfg = Release|Any CPU
		{3650E75D-EDB4-47B6-9CBB-CC42A9F9011B}.Release|Any CPU.Build.0 = Release|Any CPU
		{F8E341A5-31F7-4F95-8CF3-B5631F110FE1}.Debug|Any CPU.ActiveCfg = Debug|Any CPU
		{F8E341A5-31F7-4F95-8CF3-B5631F110FE1}.Debug|Any CPU.Build.0 = Debug|Any CPU
		{F8E341A5-31F7-4F95-8CF3-B5631F110FE1}.Release|Any CPU.ActiveCfg = Release|Any CPU
		{F8E341A5-31F7-4F95-8CF3-B5631F110FE1}.Release|Any CPU.Build.0 = Release|Any CPU
	EndGlobalSection
	GlobalSection(SolutionProperties) = preSolution
		HideSolutionNode = FALSE
	EndGlobalSection
	GlobalSection(ExtensibilityGlobals) = postSolution
		SolutionGuid = {DE63DE9E-9301-49A7-965B-79BEAC49D7A1}
	EndGlobalSection
EndGlobal
